// !$*UTF8*$!
{
	archiveVersion = 1;
	classes = {
	};
	objectVersion = 46;
	objects = {

/* Begin PBXBuildFile section */
		3F85A29A1D1C681300960CEE /* AppDelegate.swift in Sources */ = {isa = PBXBuildFile; fileRef = 3F85A2991D1C681300960CEE /* AppDelegate.swift */; };
		3F85A29C1D1C681300960CEE /* MasterViewController.swift in Sources */ = {isa = PBXBuildFile; fileRef = 3F85A29B1D1C681300960CEE /* MasterViewController.swift */; };
		3F85A29E1D1C681300960CEE /* DetailViewController.swift in Sources */ = {isa = PBXBuildFile; fileRef = 3F85A29D1D1C681300960CEE /* DetailViewController.swift */; };
		3F85A2A11D1C681400960CEE /* Main.storyboard in Resources */ = {isa = PBXBuildFile; fileRef = 3F85A29F1D1C681400960CEE /* Main.storyboard */; };
		3F85A2A31D1C681400960CEE /* Assets.xcassets in Resources */ = {isa = PBXBuildFile; fileRef = 3F85A2A21D1C681400960CEE /* Assets.xcassets */; };
		3F85A2A61D1C681400960CEE /* LaunchScreen.storyboard in Resources */ = {isa = PBXBuildFile; fileRef = 3F85A2A41D1C681400960CEE /* LaunchScreen.storyboard */; };
		3F85A2B11D1C681400960CEE /* GitHubTestTests.swift in Sources */ = {isa = PBXBuildFile; fileRef = 3F85A2B01D1C681400960CEE /* GitHubTestTests.swift */; };
		3F85A2BC1D1C681400960CEE /* GitHubTestUITests.swift in Sources */ = {isa = PBXBuildFile; fileRef = 3F85A2BB1D1C681400960CEE /* GitHubTestUITests.swift */; };
/* End PBXBuildFile section */

/* Begin PBXContainerItemProxy section */
		3F85A2AD1D1C681400960CEE /* PBXContainerItemProxy */ = {
			isa = PBXContainerItemProxy;
			containerPortal = 3F85A28E1D1C681300960CEE /* Project object */;
			proxyType = 1;
			remoteGlobalIDString = 3F85A2951D1C681300960CEE;
			remoteInfo = GitHubTest;
		};
		3F85A2B81D1C681400960CEE /* PBXContainerItemProxy */ = {
			isa = PBXContainerItemProxy;
			containerPortal = 3F85A28E1D1C681300960CEE /* Project object */;
			proxyType = 1;
			remoteGlobalIDString = 3F85A2951D1C681300960CEE;
			remoteInfo = GitHubTest;
		};
/* End PBXContainerItemProxy section */

/* Begin PBXFileReference section */
		3F85A2961D1C681300960CEE /* GitHubTest.app */ = {isa = PBXFileReference; explicitFileType = wrapper.application; includeInIndex = 0; path = GitHubTest.app; sourceTree = BUILT_PRODUCTS_DIR; };
		3F85A2991D1C681300960CEE /* AppDelegate.swift */ = {isa = PBXFileReference; lastKnownFileType = sourcecode.swift; path = AppDelegate.swift; sourceTree = "<group>"; };
		3F85A29B1D1C681300960CEE /* MasterViewController.swift */ = {isa = PBXFileReference; lastKnownFileType = sourcecode.swift; path = MasterViewController.swift; sourceTree = "<group>"; };
		3F85A29D1D1C681300960CEE /* DetailViewController.swift */ = {isa = PBXFileReference; lastKnownFileType = sourcecode.swift; path = DetailViewController.swift; sourceTree = "<group>"; };
		3F85A2A01D1C681400960CEE /* Base */ = {isa = PBXFileReference; lastKnownFileType = file.storyboard; name = Base; path = Base.lproj/Main.storyboard; sourceTree = "<group>"; };
		3F85A2A21D1C681400960CEE /* Assets.xcassets */ = {isa = PBXFileReference; lastKnownFileType = folder.assetcatalog; path = Assets.xcassets; sourceTree = "<group>"; };
		3F85A2A51D1C681400960CEE /* Base */ = {isa = PBXFileReference; lastKnownFileType = file.storyboard; name = Base; path = Base.lproj/LaunchScreen.storyboard; sourceTree = "<group>"; };
		3F85A2A71D1C681400960CEE /* Info.plist */ = {isa = PBXFileReference; lastKnownFileType = text.plist.xml; path = Info.plist; sourceTree = "<group>"; };
		3F85A2AC1D1C681400960CEE /* GitHubTestTests.xctest */ = {isa = PBXFileReference; explicitFileType = wrapper.cfbundle; includeInIndex = 0; path = GitHubTestTests.xctest; sourceTree = BUILT_PRODUCTS_DIR; };
		3F85A2B01D1C681400960CEE /* GitHubTestTests.swift */ = {isa = PBXFileReference; lastKnownFileType = sourcecode.swift; path = GitHubTestTests.swift; sourceTree = "<group>"; };
		3F85A2B21D1C681400960CEE /* Info.plist */ = {isa = PBXFileReference; lastKnownFileType = text.plist.xml; path = Info.plist; sourceTree = "<group>"; };
		3F85A2B71D1C681400960CEE /* GitHubTestUITests.xctest */ = {isa = PBXFileReference; explicitFileType = wrapper.cfbundle; includeInIndex = 0; path = GitHubTestUITests.xctest; sourceTree = BUILT_PRODUCTS_DIR; };
		3F85A2BB1D1C681400960CEE /* GitHubTestUITests.swift */ = {isa = PBXFileReference; lastKnownFileType = sourcecode.swift; path = GitHubTestUITests.swift; sourceTree = "<group>"; };
		3F85A2BD1D1C681400960CEE /* Info.plist */ = {isa = PBXFileReference; lastKnownFileType = text.plist.xml; path = Info.plist; sourceTree = "<group>"; };
/* End PBXFileReference section */

/* Begin PBXFrameworksBuildPhase section */
		3F85A2931D1C681300960CEE /* Frameworks */ = {
			isa = PBXFrameworksBuildPhase;
			buildActionMask = 2147483647;
			files = (
			);
			runOnlyForDeploymentPostprocessing = 0;
		};
		3F85A2A91D1C681400960CEE /* Frameworks */ = {
			isa = PBXFrameworksBuildPhase;
			buildActionMask = 2147483647;
			files = (
			);
			runOnlyForDeploymentPostprocessing = 0;
		};
		3F85A2B41D1C681400960CEE /* Frameworks */ = {
			isa = PBXFrameworksBuildPhase;
			buildActionMask = 2147483647;
			files = (
			);
			runOnlyForDeploymentPostprocessing = 0;
		};
/* End PBXFrameworksBuildPhase section */

/* Begin PBXGroup section */
		3F85A28D1D1C681300960CEE = {
			isa = PBXGroup;
			children = (
				3F85A2981D1C681300960CEE /* GitHubTest */,
				3F85A2AF1D1C681400960CEE /* GitHubTestTests */,
				3F85A2BA1D1C681400960CEE /* GitHubTestUITests */,
				3F85A2971D1C681300960CEE /* Products */,
			);
			sourceTree = "<group>";
		};
		3F85A2971D1C681300960CEE /* Products */ = {
			isa = PBXGroup;
			children = (
				3F85A2961D1C681300960CEE /* GitHubTest.app */,
				3F85A2AC1D1C681400960CEE /* GitHubTestTests.xctest */,
				3F85A2B71D1C681400960CEE /* GitHubTestUITests.xctest */,
			);
			name = Products;
			sourceTree = "<group>";
		};
		3F85A2981D1C681300960CEE /* GitHubTest */ = {
			isa = PBXGroup;
			children = (
				3F85A2991D1C681300960CEE /* AppDelegate.swift */,
				3F85A29B1D1C681300960CEE /* MasterViewController.swift */,
				3F85A29D1D1C681300960CEE /* DetailViewController.swift */,
				3F85A29F1D1C681400960CEE /* Main.storyboard */,
				3F85A2A21D1C681400960CEE /* Assets.xcassets */,
				3F85A2A41D1C681400960CEE /* LaunchScreen.storyboard */,
				3F85A2A71D1C681400960CEE /* Info.plist */,
			);
			path = GitHubTest;
			sourceTree = "<group>";
		};
		3F85A2AF1D1C681400960CEE /* GitHubTestTests */ = {
			isa = PBXGroup;
			children = (
				3F85A2B01D1C681400960CEE /* GitHubTestTests.swift */,
				3F85A2B21D1C681400960CEE /* Info.plist */,
			);
			path = GitHubTestTests;
			sourceTree = "<group>";
		};
		3F85A2BA1D1C681400960CEE /* GitHubTestUITests */ = {
			isa = PBXGroup;
			children = (
				3F85A2BB1D1C681400960CEE /* GitHubTestUITests.swift */,
				3F85A2BD1D1C681400960CEE /* Info.plist */,
			);
			path = GitHubTestUITests;
			sourceTree = "<group>";
		};
/* End PBXGroup section */

/* Begin PBXNativeTarget section */
		3F85A2951D1C681300960CEE /* GitHubTest */ = {
			isa = PBXNativeTarget;
			buildConfigurationList = 3F85A2C01D1C681400960CEE /* Build configuration list for PBXNativeTarget "GitHubTest" */;
			buildPhases = (
				3F85A2921D1C681300960CEE /* Sources */,
				3F85A2931D1C681300960CEE /* Frameworks */,
				3F85A2941D1C681300960CEE /* Resources */,
			);
			buildRules = (
			);
			dependencies = (
			);
			name = GitHubTest;
			productName = GitHubTest;
			productReference = 3F85A2961D1C681300960CEE /* GitHubTest.app */;
			productType = "com.apple.product-type.application";
		};
		3F85A2AB1D1C681400960CEE /* GitHubTestTests */ = {
			isa = PBXNativeTarget;
			buildConfigurationList = 3F85A2C31D1C681400960CEE /* Build configuration list for PBXNativeTarget "GitHubTestTests" */;
			buildPhases = (
				3F85A2A81D1C681400960CEE /* Sources */,
				3F85A2A91D1C681400960CEE /* Frameworks */,
				3F85A2AA1D1C681400960CEE /* Resources */,
			);
			buildRules = (
			);
			dependencies = (
				3F85A2AE1D1C681400960CEE /* PBXTargetDependency */,
			);
			name = GitHubTestTests;
			productName = GitHubTestTests;
			productReference = 3F85A2AC1D1C681400960CEE /* GitHubTestTests.xctest */;
			productType = "com.apple.product-type.bundle.unit-test";
		};
		3F85A2B61D1C681400960CEE /* GitHubTestUITests */ = {
			isa = PBXNativeTarget;
			buildConfigurationList = 3F85A2C61D1C681400960CEE /* Build configuration list for PBXNativeTarget "GitHubTestUITests" */;
			buildPhases = (
				3F85A2B31D1C681400960CEE /* Sources */,
				3F85A2B41D1C681400960CEE /* Frameworks */,
				3F85A2B51D1C681400960CEE /* Resources */,
			);
			buildRules = (
			);
			dependencies = (
				3F85A2B91D1C681400960CEE /* PBXTargetDependency */,
			);
			name = GitHubTestUITests;
			productName = GitHubTestUITests;
			productReference = 3F85A2B71D1C681400960CEE /* GitHubTestUITests.xctest */;
			productType = "com.apple.product-type.bundle.ui-testing";
		};
/* End PBXNativeTarget section */

/* Begin PBXProject section */
		3F85A28E1D1C681300960CEE /* Project object */ = {
			isa = PBXProject;
			attributes = {
				LastSwiftUpdateCheck = 0730;
				LastUpgradeCheck = 0730;
				ORGANIZATIONNAME = "Leyenda Software";
				TargetAttributes = {
					3F85A2951D1C681300960CEE = {
						CreatedOnToolsVersion = 7.3.1;
					};
					3F85A2AB1D1C681400960CEE = {
						CreatedOnToolsVersion = 7.3.1;
						TestTargetID = 3F85A2951D1C681300960CEE;
					};
					3F85A2B61D1C681400960CEE = {
						CreatedOnToolsVersion = 7.3.1;
						TestTargetID = 3F85A2951D1C681300960CEE;
					};
				};
			};
			buildConfigurationList = 3F85A2911D1C681300960CEE /* Build configuration list for PBXProject "GitHubTest" */;
			compatibilityVersion = "Xcode 3.2";
			developmentRegion = English;
			hasScannedForEncodings = 0;
			knownRegions = (
				en,
				Base,
			);
			mainGroup = 3F85A28D1D1C681300960CEE;
			productRefGroup = 3F85A2971D1C681300960CEE /* Products */;
			projectDirPath = "";
			projectRoot = "";
			targets = (
				3F85A2951D1C681300960CEE /* GitHubTest */,
				3F85A2AB1D1C681400960CEE /* GitHubTestTests */,
				3F85A2B61D1C681400960CEE /* GitHubTestUITests */,
			);
		};
/* End PBXProject section */

/* Begin PBXResourcesBuildPhase section */
		3F85A2941D1C681300960CEE /* Resources */ = {
			isa = PBXResourcesBuildPhase;
			buildActionMask = 2147483647;
			files = (
				3F85A2A61D1C681400960CEE /* LaunchScreen.storyboard in Resources */,
				3F85A2A31D1C681400960CEE /* Assets.xcassets in Resources */,
				3F85A2A11D1C681400960CEE /* Main.storyboard in Resources */,
			);
			runOnlyForDeploymentPostprocessing = 0;
		};
		3F85A2AA1D1C681400960CEE /* Resources */ = {
			isa = PBXResourcesBuildPhase;
			buildActionMask = 2147483647;
			files = (
			);
			runOnlyForDeploymentPostprocessing = 0;
		};
		3F85A2B51D1C681400960CEE /* Resources */ = {
			isa = PBXResourcesBuildPhase;
			buildActionMask = 2147483647;
			files = (
			);
			runOnlyForDeploymentPostprocessing = 0;
		};
/* End PBXResourcesBuildPhase section */

/* Begin PBXSourcesBuildPhase section */
		3F85A2921D1C681300960CEE /* Sources */ = {
			isa = PBXSourcesBuildPhase;
			buildActionMask = 2147483647;
			files = (
				3F85A29E1D1C681300960CEE /* DetailViewController.swift in Sources */,
				3F85A29C1D1C681300960CEE /* MasterViewController.swift in Sources */,
				3F85A29A1D1C681300960CEE /* AppDelegate.swift in Sources */,
			);
			runOnlyForDeploymentPostprocessing = 0;
		};
		3F85A2A81D1C681400960CEE /* Sources */ = {
			isa = PBXSourcesBuildPhase;
			buildActionMask = 2147483647;
			files = (
				3F85A2B11D1C681400960CEE /* GitHubTestTests.swift in Sources */,
			);
			runOnlyForDeploymentPostprocessing = 0;
		};
		3F85A2B31D1C681400960CEE /* Sources */ = {
			isa = PBXSourcesBuildPhase;
			buildActionMask = 2147483647;
			files = (
				3F85A2BC1D1C681400960CEE /* GitHubTestUITests.swift in Sources */,
			);
			runOnlyForDeploymentPostprocessing = 0;
		};
/* End PBXSourcesBuildPhase section */

/* Begin PBXTargetDependency section */
		3F85A2AE1D1C681400960CEE /* PBXTargetDependency */ = {
			isa = PBXTargetDependency;
			target = 3F85A2951D1C681300960CEE /* GitHubTest */;
			targetProxy = 3F85A2AD1D1C681400960CEE /* PBXContainerItemProxy */;
		};
		3F85A2B91D1C681400960CEE /* PBXTargetDependency */ = {
			isa = PBXTargetDependency;
			target = 3F85A2951D1C681300960CEE /* GitHubTest */;
			targetProxy = 3F85A2B81D1C681400960CEE /* PBXContainerItemProxy */;
		};
/* End PBXTargetDependency section */

/* Begin PBXVariantGroup section */
		3F85A29F1D1C681400960CEE /* Main.storyboard */ = {
			isa = PBXVariantGroup;
			children = (
				3F85A2A01D1C681400960CEE /* Base */,
			);
			name = Main.storyboard;
			sourceTree = "<group>";
		};
		3F85A2A41D1C681400960CEE /* LaunchScreen.storyboard */ = {
			isa = PBXVariantGroup;
			children = (
				3F85A2A51D1C681400960CEE /* Base */,
			);
			name = LaunchScreen.storyboard;
			sourceTree = "<group>";
		};
/* End PBXVariantGroup section */

/* Begin XCBuildConfiguration section */
		3F85A2BE1D1C681400960CEE /* Debug */ = {
			isa = XCBuildConfiguration;
			buildSettings = {
				ALWAYS_SEARCH_USER_PATHS = NO;
				CLANG_ANALYZER_NONNULL = YES;
				CLANG_CXX_LANGUAGE_STANDARD = "gnu++0x";
				CLANG_CXX_LIBRARY = "libc++";
				CLANG_ENABLE_MODULES = YES;
				CLANG_ENABLE_OBJC_ARC = YES;
				CLANG_WARN_BOOL_CONVERSION = YES;
				CLANG_WARN_CONSTANT_CONVERSION = YES;
				CLANG_WARN_DIRECT_OBJC_ISA_USAGE = YES_ERROR;
				CLANG_WARN_EMPTY_BODY = YES;
				CLANG_WARN_ENUM_CONVERSION = YES;
				CLANG_WARN_INT_CONVERSION = YES;
				CLANG_WARN_OBJC_ROOT_CLASS = YES_ERROR;
				CLANG_WARN_UNREACHABLE_CODE = YES;
				CLANG_WARN__DUPLICATE_METHOD_MATCH = YES;
				"CODE_SIGN_IDENTITY[sdk=iphoneos*]" = "iPhone Developer";
				COPY_PHASE_STRIP = NO;
				DEBUG_INFORMATION_FORMAT = dwarf;
				ENABLE_STRICT_OBJC_MSGSEND = YES;
				ENABLE_TESTABILITY = YES;
				GCC_C_LANGUAGE_STANDARD = gnu99;
				GCC_DYNAMIC_NO_PIC = NO;
				GCC_NO_COMMON_BLOCKS = YES;
				GCC_OPTIMIZATION_LEVEL = 0;
				GCC_PREPROCESSOR_DEFINITIONS = (
					"DEBUG=1",
					"$(inherited)",
				);
				GCC_WARN_64_TO_32_BIT_CONVERSION = YES;
				GCC_WARN_ABOUT_RETURN_TYPE = YES_ERROR;
				GCC_WARN_UNDECLARED_SELECTOR = YES;
				GCC_WARN_UNINITIALIZED_AUTOS = YES_AGGRESSIVE;
				GCC_WARN_UNUSED_FUNCTION = YES;
				GCC_WARN_UNUSED_VARIABLE = YES;
				IPHONEOS_DEPLOYMENT_TARGET = 9.3;
				MTL_ENABLE_DEBUG_INFO = YES;
				ONLY_ACTIVE_ARCH = YES;
				SDKROOT = iphoneos;
				SWIFT_OPTIMIZATION_LEVEL = "-Onone";
			};
			name = Debug;
		};
		3F85A2BF1D1C681400960CEE /* Release */ = {
			isa = XCBuildConfiguration;
			buildSettings = {
				ALWAYS_SEARCH_USER_PATHS = NO;
				CLANG_ANALYZER_NONNULL = YES;
				CLANG_CXX_LANGUAGE_STANDARD = "gnu++0x";
				CLANG_CXX_LIBRARY = "libc++";
				CLANG_ENABLE_MODULES = YES;
				CLANG_ENABLE_OBJC_ARC = YES;
				CLANG_WARN_BOOL_CONVERSION = YES;
				CLANG_WARN_CONSTANT_CONVERSION = YES;
				CLANG_WARN_DIRECT_OBJC_ISA_USAGE = YES_ERROR;
				CLANG_WARN_EMPTY_BODY = YES;
				CLANG_WARN_ENUM_CONVERSION = YES;
				CLANG_WARN_INT_CONVERSION = YES;
				CLANG_WARN_OBJC_ROOT_CLASS = YES_ERROR;
				CLANG_WARN_UNREACHABLE_CODE = YES;
				CLANG_WARN__DUPLICATE_METHOD_MATCH = YES;
				"CODE_SIGN_IDENTITY[sdk=iphoneos*]" = "iPhone Developer";
				COPY_PHASE_STRIP = NO;
				DEBUG_INFORMATION_FORMAT = "dwarf-with-dsym";
				ENABLE_NS_ASSERTIONS = NO;
				ENABLE_STRICT_OBJC_MSGSEND = YES;
				GCC_C_LANGUAGE_STANDARD = gnu99;
				GCC_NO_COMMON_BLOCKS = YES;
				GCC_WARN_64_TO_32_BIT_CONVERSION = YES;
				GCC_WARN_ABOUT_RETURN_TYPE = YES_ERROR;
				GCC_WARN_UNDECLARED_SELECTOR = YES;
				GCC_WARN_UNINITIALIZED_AUTOS = YES_AGGRESSIVE;
				GCC_WARN_UNUSED_FUNCTION = YES;
				GCC_WARN_UNUSED_VARIABLE = YES;
				IPHONEOS_DEPLOYMENT_TARGET = 9.3;
				MTL_ENABLE_DEBUG_INFO = NO;
				SDKROOT = iphoneos;
				VALIDATE_PRODUCT = YES;
			};
			name = Release;
		};
		3F85A2C11D1C681400960CEE /* Debug */ = {
			isa = XCBuildConfiguration;
			buildSettings = {
				ASSETCATALOG_COMPILER_APPICON_NAME = AppIcon;
				INFOPLIST_FILE = GitHubTest/Info.plist;
				LD_RUNPATH_SEARCH_PATHS = "$(inherited) @executable_path/Frameworks";
				PRODUCT_BUNDLE_IDENTIFIER = com.leyenda1.GitHubTest;
				PRODUCT_NAME = "$(TARGET_NAME)";
			};
			name = Debug;
		};
		3F85A2C21D1C681400960CEE /* Release */ = {
			isa = XCBuildConfiguration;
			buildSettings = {
				ASSETCATALOG_COMPILER_APPICON_NAME = AppIcon;
				INFOPLIST_FILE = GitHubTest/Info.plist;
				LD_RUNPATH_SEARCH_PATHS = "$(inherited) @executable_path/Frameworks";
				PRODUCT_BUNDLE_IDENTIFIER = com.leyenda1.GitHubTest;
				PRODUCT_NAME = "$(TARGET_NAME)";
			};
			name = Release;
		};
		3F85A2C41D1C681400960CEE /* Debug */ = {
			isa = XCBuildConfiguration;
			buildSettings = {
				BUNDLE_LOADER = "$(TEST_HOST)";
				INFOPLIST_FILE = GitHubTestTests/Info.plist;
				LD_RUNPATH_SEARCH_PATHS = "$(inherited) @executable_path/Frameworks @loader_path/Frameworks";
				PRODUCT_BUNDLE_IDENTIFIER = com.leyenda1.GitHubTestTests;
				PRODUCT_NAME = "$(TARGET_NAME)";
				TEST_HOST = "$(BUILT_PRODUCTS_DIR)/GitHubTest.app/GitHubTest";
			};
			name = Debug;
		};
		3F85A2C51D1C681400960CEE /* Release */ = {
			isa = XCBuildConfiguration;
			buildSettings = {
				BUNDLE_LOADER = "$(TEST_HOST)";
				INFOPLIST_FILE = GitHubTestTests/Info.plist;
				LD_RUNPATH_SEARCH_PATHS = "$(inherited) @executable_path/Frameworks @loader_path/Frameworks";
				PRODUCT_BUNDLE_IDENTIFIER = com.leyenda1.GitHubTestTests;
				PRODUCT_NAME = "$(TARGET_NAME)";
				TEST_HOST = "$(BUILT_PRODUCTS_DIR)/GitHubTest.app/GitHubTest";
			};
			name = Release;
		};
		3F85A2C71D1C681400960CEE /* Debug */ = {
			isa = XCBuildConfiguration;
			buildSettings = {
				INFOPLIST_FILE = GitHubTestUITests/Info.plist;
				LD_RUNPATH_SEARCH_PATHS = "$(inherited) @executable_path/Frameworks @loader_path/Frameworks";
				PRODUCT_BUNDLE_IDENTIFIER = com.leyenda1.GitHubTestUITests;
				PRODUCT_NAME = "$(TARGET_NAME)";
				TEST_TARGET_NAME = GitHubTest;
			};
			name = Debug;
		};
		3F85A2C81D1C681400960CEE /* Release */ = {
			isa = XCBuildConfiguration;
			buildSettings = {
				INFOPLIST_FILE = GitHubTestUITests/Info.plist;
				LD_RUNPATH_SEARCH_PATHS = "$(inherited) @executable_path/Frameworks @loader_path/Frameworks";
				PRODUCT_BUNDLE_IDENTIFIER = com.leyenda1.GitHubTestUITests;
				PRODUCT_NAME = "$(TARGET_NAME)";
				TEST_TARGET_NAME = GitHubTest;
			};
			name = Release;
		};
/* End XCBuildConfiguration section */

/* Begin XCConfigurationList section */
		3F85A2911D1C681300960CEE /* Build configuration list for PBXProject "GitHubTest" */ = {
			isa = XCConfigurationList;
			buildConfigurations = (
				3F85A2BE1D1C681400960CEE /* Debug */,
				3F85A2BF1D1C681400960CEE /* Release */,
			);
			defaultConfigurationIsVisible = 0;
			defaultConfigurationName = Release;
		};
		3F85A2C01D1C681400960CEE /* Build configuration list for PBXNativeTarget "GitHubTest" */ = {
			isa = XCConfigurationList;
			buildConfigurations = (
				3F85A2C11D1C681400960CEE /* Debug */,
				3F85A2C21D1C681400960CEE /* Release */,
			);
			defaultConfigurationIsVisible = 0;
		};
		3F85A2C31D1C681400960CEE /* Build configuration list for PBXNativeTarget "GitHubTestTests" */ = {
			isa = XCConfigurationList;
			buildConfigurations = (
				3F85A2C41D1C681400960CEE /* Debug */,
				3F85A2C51D1C681400960CEE /* Release */,
			);
			defaultConfigurationIsVisible = 0;
		};
		3F85A2C61D1C681400960CEE /* Build configuration list for PBXNativeTarget "GitHubTestUITests" */ = {
			isa = XCConfigurationList;
			buildConfigurations = (
				3F85A2C71D1C681400960CEE /* Debug */,
				3F85A2C81D1C681400960CEE /* Release */,
			);
			defaultConfigurationIsVisible = 0;
		};
/* End XCConfigurationList section */
	};
	rootObject = 3F85A28E1D1C681300960CEE /* Project object */;
}
